
Microsoft Visual Studio Solution File, Format Version 12.00
# Visual Studio Version 16
VisualStudioVersion = 16.0.32002.261
MinimumVisualStudioVersion = 10.0.40219.1
Project("{FAE04EC0-301F-11D3-BF4B-00C04F79EFBC}") = "TrainAPI", "TrainAPI\TrainAPI.csproj", "{691F2DD3-8E2B-4830-A4B1-84D76AB1C529}"
EndProject
Global
	GlobalSection(SolutionConfigurationPlatforms) = preSolution
		Debug|Any CPU = Debug|Any CPU
		Release|Any CPU = Release|Any CPU
	EndGlobalSection
	GlobalSection(ProjectConfigurationPlatforms) = postSolution
		{691F2DD3-8E2B-4830-A4B1-84D76AB1C529}.Debug|Any CPU.ActiveCfg = Debug|Any CPU
		{691F2DD3-8E2B-4830-A4B1-84D76AB1C529}.Debug|Any CPU.Build.0 = Debug|Any CPU
		{691F2DD3-8E2B-4830-A4B1-84D76AB1C529}.Release|Any CPU.ActiveCfg = Release|Any CPU
		{691F2DD3-8E2B-4830-A4B1-84D76AB1C529}.Release|Any CPU.Build.0 = Release|Any CPU
	EndGlobalSection
	GlobalSection(SolutionProperties) = preSolution
		HideSolutionNode = FALSE
	EndGlobalSection
	GlobalSection(ExtensibilityGlobals) = postSolution
		SolutionGuid = {24633C17-BB3A-4874-AF9A-7574A921F5FC}
	EndGlobalSection
EndGlobal
